{
  "name": "pdf2json",
  "version": "1.0.0",
  "lockfileVersion": 3,
  "requires": true,
  "packages": {
    "": {
      "name": "pdf2json",
      "version": "1.0.0",
      "license": "ISC",
      "devDependencies": {
        "pdf2json": "^3.0.4"
      }
    },
    "node_modules/pdf2json": {
      "version": "3.0.4",
      "resolved": "https://registry.npmjs.org/pdf2json/-/pdf2json-3.0.4.tgz",
      "integrity": "sha512-NKmSg78W5V/T3Qvp+TPkYeARdP/XzxBTlhRGdDMrOI1beyI72JxW5u4yy5825ge3opzu4HF0xDgg+HZbYvbr4g==",
      "bundleDependencies": [
        "@xmldom/xmldom"
      ],
      "dev": true,
      "dependencies": {
        "@xmldom/xmldom": "^0.8.6"
      },
      "bin": {
        "pdf2json": "bin/pdf2json.js"
      },
      "engines": {
        "node": ">=18.12.1",
        "npm": ">=8.19.2"
      }
    },
    "node_modules/pdf2json/node_modules/@xmldom/xmldom": {
      "version": "0.8.7",
      "dev": true,
      "inBundle": true,
      "license": "MIT",
      "engines": {
        "node": ">=10.0.0"
      }
    }
  }
}
